# This file was autogenerated by Stack.
# You should not edit this file by hand.
# For more information, please see the documentation at:
#   https://docs.haskellstack.org/en/stable/lock_files

packages:
- completed:
    hackage: suspend-0.2.0.0@sha256:0d98526558b773c3ff792664bc45d7a083a32eedb6206d4101a7570869c75a28,1115
    pantry-tree:
      size: 424
      sha256: 70600cf9fc141612dcfb21573c4ccbec59922fb218b384ed380458cf6b0c67e6
  original:
    hackage: suspend-0.2.0.0
- completed:
    hackage: timers-0.2.0.3@sha256:ec91266e5ed73e958857fd07332ed547ea01205133769fba51cc40577549ffe9,1168
    pantry-tree:
      size: 424
      sha256: 6709021bf3b2a194ed4b7ad706092463e990b619bf52d60a1e7af22af98d3c4b
  original:
    hackage: timers-0.2.0.3
snapshots:
- completed:
    size: 423183
    url: https://raw.githubusercontent.com/commercialhaskell/stackage-snapshots/master/lts/7/14.yaml
    sha256: c13093dadf5d8b43c919d4ff9fc0b2d84950b42d0387a332432bdde92c8cfbd4
  original: lts-7.14
